// !$*UTF8*$!
{
	archiveVersion = 1;
	classes = {
	};
	objectVersion = 55;
	objects = {

/* Begin PBXBuildFile section */
		B4CC302627D6B1B6007A14F6 /* User.swift in Sources */ = {isa = PBXBuildFile; fileRef = B4CC302527D6B1B6007A14F6 /* User.swift */; };
		B4CC302827D718D1007A14F6 /* Home.swift in Sources */ = {isa = PBXBuildFile; fileRef = B4CC302727D718D1007A14F6 /* Home.swift */; };
		B4CC302A27D7192B007A14F6 /* ResponsiveView.swift in Sources */ = {isa = PBXBuildFile; fileRef = B4CC302927D7192B007A14F6 /* ResponsiveView.swift */; };
		B4CC302C27D71D97007A14F6 /* SideBar.swift in Sources */ = {isa = PBXBuildFile; fileRef = B4CC302B27D71D97007A14F6 /* SideBar.swift */; };
		B4DDEBCE27D6AB3A00C84671 /* SwiftUI_AdaptiveDesign_MVVMApp.swift in Sources */ = {isa = PBXBuildFile; fileRef = B4DDEBCD27D6AB3A00C84671 /* SwiftUI_AdaptiveDesign_MVVMApp.swift */; };
		B4DDEBD027D6AB3A00C84671 /* ContentView.swift in Sources */ = {isa = PBXBuildFile; fileRef = B4DDEBCF27D6AB3A00C84671 /* ContentView.swift */; };
		B4DDEBD227D6AB3B00C84671 /* Assets.xcassets in Resources */ = {isa = PBXBuildFile; fileRef = B4DDEBD127D6AB3B00C84671 /* Assets.xcassets */; };
		B4DDEBD527D6AB3B00C84671 /* Preview Assets.xcassets in Resources */ = {isa = PBXBuildFile; fileRef = B4DDEBD427D6AB3B00C84671 /* Preview Assets.xcassets */; };
/* End PBXBuildFile section */

/* Begin PBXFileReference section */
		B4CC302527D6B1B6007A14F6 /* User.swift */ = {isa = PBXFileReference; lastKnownFileType = sourcecode.swift; path = User.swift; sourceTree = "<group>"; };
		B4CC302727D718D1007A14F6 /* Home.swift */ = {isa = PBXFileReference; lastKnownFileType = sourcecode.swift; path = Home.swift; sourceTree = "<group>"; };
		B4CC302927D7192B007A14F6 /* ResponsiveView.swift */ = {isa = PBXFileReference; lastKnownFileType = sourcecode.swift; path = ResponsiveView.swift; sourceTree = "<group>"; };
		B4CC302B27D71D97007A14F6 /* SideBar.swift */ = {isa = PBXFileReference; lastKnownFileType = sourcecode.swift; path = SideBar.swift; sourceTree = "<group>"; };
		B4DDEBCA27D6AB3A00C84671 /* SwiftUI-AdaptiveDesign-MVVM.app */ = {isa = PBXFileReference; explicitFileType = wrapper.application; includeInIndex = 0; path = "SwiftUI-AdaptiveDesign-MVVM.app"; sourceTree = BUILT_PRODUCTS_DIR; };
		B4DDEBCD27D6AB3A00C84671 /* SwiftUI_AdaptiveDesign_MVVMApp.swift */ = {isa = PBXFileReference; lastKnownFileType = sourcecode.swift; path = SwiftUI_AdaptiveDesign_MVVMApp.swift; sourceTree = "<group>"; };
		B4DDEBCF27D6AB3A00C84671 /* ContentView.swift */ = {isa = PBXFileReference; lastKnownFileType = sourcecode.swift; path = ContentView.swift; sourceTree = "<group>"; };
		B4DDEBD127D6AB3B00C84671 /* Assets.xcassets */ = {isa = PBXFileReference; lastKnownFileType = folder.assetcatalog; path = Assets.xcassets; sourceTree = "<group>"; };
		B4DDEBD427D6AB3B00C84671 /* Preview Assets.xcassets */ = {isa = PBXFileReference; lastKnownFileType = folder.assetcatalog; path = "Preview Assets.xcassets"; sourceTree = "<group>"; };
/* End PBXFileReference section */

/* Begin PBXFrameworksBuildPhase section */
		B4DDEBC727D6AB3A00C84671 /* Frameworks */ = {
			isa = PBXFrameworksBuildPhase;
			buildActionMask = 2147483647;
			files = (
			);
			runOnlyForDeploymentPostprocessing = 0;
		};
/* End PBXFrameworksBuildPhase section */

/* Begin PBXGroup section */
		B4CC302327D6B18D007A14F6 /* View */ = {
			isa = PBXGroup;
			children = (
				B4CC302727D718D1007A14F6 /* Home.swift */,
				B4CC302927D7192B007A14F6 /* ResponsiveView.swift */,
				B4CC302B27D71D97007A14F6 /* SideBar.swift */,
			);
			path = View;
			sourceTree = "<group>";
		};
		B4CC302427D6B196007A14F6 /* Model */ = {
			isa = PBXGroup;
			children = (
				B4CC302527D6B1B6007A14F6 /* User.swift */,
			);
			path = Model;
			sourceTree = "<group>";
		};
		B4DDEBC127D6AB3A00C84671 = {
			isa = PBXGroup;
			children = (
				B4DDEBCC27D6AB3A00C84671 /* SwiftUI-AdaptiveDesign-MVVM */,
				B4DDEBCB27D6AB3A00C84671 /* Products */,
			);
			sourceTree = "<group>";
		};
		B4DDEBCB27D6AB3A00C84671 /* Products */ = {
			isa = PBXGroup;
			children = (
				B4DDEBCA27D6AB3A00C84671 /* SwiftUI-AdaptiveDesign-MVVM.app */,
			);
			name = Products;
			sourceTree = "<group>";
		};
		B4DDEBCC27D6AB3A00C84671 /* SwiftUI-AdaptiveDesign-MVVM */ = {
			isa = PBXGroup;
			children = (
				B4CC302427D6B196007A14F6 /* Model */,
				B4CC302327D6B18D007A14F6 /* View */,
				B4DDEBCD27D6AB3A00C84671 /* SwiftUI_AdaptiveDesign_MVVMApp.swift */,
				B4DDEBCF27D6AB3A00C84671 /* ContentView.swift */,
				B4DDEBD127D6AB3B00C84671 /* Assets.xcassets */,
				B4DDEBD327D6AB3B00C84671 /* Preview Content */,
			);
			path = "SwiftUI-AdaptiveDesign-MVVM";
			sourceTree = "<group>";
		};
		B4DDEBD327D6AB3B00C84671 /* Preview Content */ = {
			isa = PBXGroup;
			children = (
				B4DDEBD427D6AB3B00C84671 /* Preview Assets.xcassets */,
			);
			path = "Preview Content";
			sourceTree = "<group>";
		};
/* End PBXGroup section */

/* Begin PBXNativeTarget section */
		B4DDEBC927D6AB3A00C84671 /* SwiftUI-AdaptiveDesign-MVVM */ = {
			isa = PBXNativeTarget;
			buildConfigurationList = B4DDEBD827D6AB3B00C84671 /* Build configuration list for PBXNativeTarget "SwiftUI-AdaptiveDesign-MVVM" */;
			buildPhases = (
				B4DDEBC627D6AB3A00C84671 /* Sources */,
				B4DDEBC727D6AB3A00C84671 /* Frameworks */,
				B4DDEBC827D6AB3A00C84671 /* Resources */,
			);
			buildRules = (
			);
			dependencies = (
			);
			name = "SwiftUI-AdaptiveDesign-MVVM";
			productName = "SwiftUI-AdaptiveDesign-MVVM";
			productReference = B4DDEBCA27D6AB3A00C84671 /* SwiftUI-AdaptiveDesign-MVVM.app */;
			productType = "com.apple.product-type.application";
		};
/* End PBXNativeTarget section */

/* Begin PBXProject section */
		B4DDEBC227D6AB3A00C84671 /* Project object */ = {
			isa = PBXProject;
			attributes = {
				BuildIndependentTargetsInParallel = 1;
				LastSwiftUpdateCheck = 1320;
				LastUpgradeCheck = 1320;
				TargetAttributes = {
					B4DDEBC927D6AB3A00C84671 = {
						CreatedOnToolsVersion = 13.2;
					};
				};
			};
			buildConfigurationList = B4DDEBC527D6AB3A00C84671 /* Build configuration list for PBXProject "SwiftUI-AdaptiveDesign-MVVM" */;
			compatibilityVersion = "Xcode 13.0";
			developmentRegion = en;
			hasScannedForEncodings = 0;
			knownRegions = (
				en,
				Base,
			);
			mainGroup = B4DDEBC127D6AB3A00C84671;
			productRefGroup = B4DDEBCB27D6AB3A00C84671 /* Products */;
			projectDirPath = "";
			projectRoot = "";
			targets = (
				B4DDEBC927D6AB3A00C84671 /* SwiftUI-AdaptiveDesign-MVVM */,
			);
		};
/* End PBXProject section */

/* Begin PBXResourcesBuildPhase section */
		B4DDEBC827D6AB3A00C84671 /* Resources */ = {
			isa = PBXResourcesBuildPhase;
			buildActionMask = 2147483647;
			files = (
				B4DDEBD527D6AB3B00C84671 /* Preview Assets.xcassets in Resources */,
				B4DDEBD227D6AB3B00C84671 /* Assets.xcassets in Resources */,
			);
			runOnlyForDeploymentPostprocessing = 0;
		};
/* End PBXResourcesBuildPhase section */

/* Begin PBXSourcesBuildPhase section */
		B4DDEBC627D6AB3A00C84671 /* Sources */ = {
			isa = PBXSourcesBuildPhase;
			buildActionMask = 2147483647;
			files = (
				B4DDEBD027D6AB3A00C84671 /* ContentView.swift in Sources */,
				B4DDEBCE27D6AB3A00C84671 /* SwiftUI_AdaptiveDesign_MVVMApp.swift in Sources */,
				B4CC302827D718D1007A14F6 /* Home.swift in Sources */,
				B4CC302A27D7192B007A14F6 /* ResponsiveView.swift in Sources */,
				B4CC302C27D71D97007A14F6 /* SideBar.swift in Sources */,
				B4CC302627D6B1B6007A14F6 /* User.swift in Sources */,
			);
			runOnlyForDeploymentPostprocessing = 0;
		};
/* End PBXSourcesBuildPhase section */

/* Begin XCBuildConfiguration section */
		B4DDEBD627D6AB3B00C84671 /* Debug */ = {
			isa = XCBuildConfiguration;
			buildSettings = {
				ALWAYS_SEARCH_USER_PATHS = NO;
				CLANG_ANALYZER_NONNULL = YES;
				CLANG_ANALYZER_NUMBER_OBJECT_CONVERSION = YES_AGGRESSIVE;
				CLANG_CXX_LANGUAGE_STANDARD = "gnu++17";
				CLANG_CXX_LIBRARY = "libc++";
				CLANG_ENABLE_MODULES = YES;
				CLANG_ENABLE_OBJC_ARC = YES;
				CLANG_ENABLE_OBJC_WEAK = YES;
				CLANG_WARN_BLOCK_CAPTURE_AUTORELEASING = YES;
				CLANG_WARN_BOOL_CONVERSION = YES;
				CLANG_WARN_COMMA = YES;
				CLANG_WARN_CONSTANT_CONVERSION = YES;
				CLANG_WARN_DEPRECATED_OBJC_IMPLEMENTATIONS = YES;
				CLANG_WARN_DIRECT_OBJC_ISA_USAGE = YES_ERROR;
				CLANG_WARN_DOCUMENTATION_COMMENTS = YES;
				CLANG_WARN_EMPTY_BODY = YES;
				CLANG_WARN_ENUM_CONVERSION = YES;
				CLANG_WARN_INFINITE_RECURSION = YES;
				CLANG_WARN_INT_CONVERSION = YES;
				CLANG_WARN_NON_LITERAL_NULL_CONVERSION = YES;
				CLANG_WARN_OBJC_IMPLICIT_RETAIN_SELF = YES;
				CLANG_WARN_OBJC_LITERAL_CONVERSION = YES;
				CLANG_WARN_OBJC_ROOT_CLASS = YES_ERROR;
				CLANG_WARN_QUOTED_INCLUDE_IN_FRAMEWORK_HEADER = YES;
				CLANG_WARN_RANGE_LOOP_ANALYSIS = YES;
				CLANG_WARN_STRICT_PROTOTYPES = YES;
				CLANG_WARN_SUSPICIOUS_MOVE = YES;
				CLANG_WARN_UNGUARDED_AVAILABILITY = YES_AGGRESSIVE;
				CLANG_WARN_UNREACHABLE_CODE = YES;
				CLANG_WARN__DUPLICATE_METHOD_MATCH = YES;
				COPY_PHASE_STRIP = NO;
				DEBUG_INFORMATION_FORMAT = dwarf;
				ENABLE_STRICT_OBJC_MSGSEND = YES;
				ENABLE_TESTABILITY = YES;
				GCC_C_LANGUAGE_STANDARD = gnu11;
				GCC_DYNAMIC_NO_PIC = NO;
				GCC_NO_COMMON_BLOCKS = YES;
				GCC_OPTIMIZATION_LEVEL = 0;
				GCC_PREPROCESSOR_DEFINITIONS = (
					"DEBUG=1",
					"$(inherited)",
				);
				GCC_WARN_64_TO_32_BIT_CONVERSION = YES;
				GCC_WARN_ABOUT_RETURN_TYPE = YES_ERROR;
				GCC_WARN_UNDECLARED_SELECTOR = YES;
				GCC_WARN_UNINITIALIZED_AUTOS = YES_AGGRESSIVE;
				GCC_WARN_UNUSED_FUNCTION = YES;
				GCC_WARN_UNUSED_VARIABLE = YES;
				IPHONEOS_DEPLOYMENT_TARGET = 15.2;
				MTL_ENABLE_DEBUG_INFO = INCLUDE_SOURCE;
				MTL_FAST_MATH = YES;
				ONLY_ACTIVE_ARCH = YES;
				SDKROOT = iphoneos;
				SWIFT_ACTIVE_COMPILATION_CONDITIONS = DEBUG;
				SWIFT_OPTIMIZATION_LEVEL = "-Onone";
			};
			name = Debug;
		};
		B4DDEBD727D6AB3B00C84671 /* Release */ = {
			isa = XCBuildConfiguration;
			buildSettings = {
				ALWAYS_SEARCH_USER_PATHS = NO;
				CLANG_ANALYZER_NONNULL = YES;
				CLANG_ANALYZER_NUMBER_OBJECT_CONVERSION = YES_AGGRESSIVE;
				CLANG_CXX_LANGUAGE_STANDARD = "gnu++17";
				CLANG_CXX_LIBRARY = "libc++";
				CLANG_ENABLE_MODULES = YES;
				CLANG_ENABLE_OBJC_ARC = YES;
				CLANG_ENABLE_OBJC_WEAK = YES;
				CLANG_WARN_BLOCK_CAPTURE_AUTORELEASING = YES;
				CLANG_WARN_BOOL_CONVERSION = YES;
				CLANG_WARN_COMMA = YES;
				CLANG_WARN_CONSTANT_CONVERSION = YES;
				CLANG_WARN_DEPRECATED_OBJC_IMPLEMENTATIONS = YES;
				CLANG_WARN_DIRECT_OBJC_ISA_USAGE = YES_ERROR;
				CLANG_WARN_DOCUMENTATION_COMMENTS = YES;
				CLANG_WARN_EMPTY_BODY = YES;
				CLANG_WARN_ENUM_CONVERSION = YES;
				CLANG_WARN_INFINITE_RECURSION = YES;
				CLANG_WARN_INT_CONVERSION = YES;
				CLANG_WARN_NON_LITERAL_NULL_CONVERSION = YES;
				CLANG_WARN_OBJC_IMPLICIT_RETAIN_SELF = YES;
				CLANG_WARN_OBJC_LITERAL_CONVERSION = YES;
				CLANG_WARN_OBJC_ROOT_CLASS = YES_ERROR;
				CLANG_WARN_QUOTED_INCLUDE_IN_FRAMEWORK_HEADER = YES;
				CLANG_WARN_RANGE_LOOP_ANALYSIS = YES;
				CLANG_WARN_STRICT_PROTOTYPES = YES;
				CLANG_WARN_SUSPICIOUS_MOVE = YES;
				CLANG_WARN_UNGUARDED_AVAILABILITY = YES_AGGRESSIVE;
				CLANG_WARN_UNREACHABLE_CODE = YES;
				CLANG_WARN__DUPLICATE_METHOD_MATCH = YES;
				COPY_PHASE_STRIP = NO;
				DEBUG_INFORMATION_FORMAT = "dwarf-with-dsym";
				ENABLE_NS_ASSERTIONS = NO;
				ENABLE_STRICT_OBJC_MSGSEND = YES;
				GCC_C_LANGUAGE_STANDARD = gnu11;
				GCC_NO_COMMON_BLOCKS = YES;
				GCC_WARN_64_TO_32_BIT_CONVERSION = YES;
				GCC_WARN_ABOUT_RETURN_TYPE = YES_ERROR;
				GCC_WARN_UNDECLARED_SELECTOR = YES;
				GCC_WARN_UNINITIALIZED_AUTOS = YES_AGGRESSIVE;
				GCC_WARN_UNUSED_FUNCTION = YES;
				GCC_WARN_UNUSED_VARIABLE = YES;
				IPHONEOS_DEPLOYMENT_TARGET = 15.2;
				MTL_ENABLE_DEBUG_INFO = NO;
				MTL_FAST_MATH = YES;
				SDKROOT = iphoneos;
				SWIFT_COMPILATION_MODE = wholemodule;
				SWIFT_OPTIMIZATION_LEVEL = "-O";
				VALIDATE_PRODUCT = YES;
			};
			name = Release;
		};
		B4DDEBD927D6AB3B00C84671 /* Debug */ = {
			isa = XCBuildConfiguration;
			buildSettings = {
				ASSETCATALOG_COMPILER_APPICON_NAME = AppIcon;
				ASSETCATALOG_COMPILER_GLOBAL_ACCENT_COLOR_NAME = AccentColor;
				CODE_SIGN_STYLE = Automatic;
				CURRENT_PROJECT_VERSION = 1;
				DEVELOPMENT_ASSET_PATHS = "\"SwiftUI-AdaptiveDesign-MVVM/Preview Content\"";
				DEVELOPMENT_TEAM = XRTUKAGRTL;
				ENABLE_PREVIEWS = YES;
				GENERATE_INFOPLIST_FILE = YES;
				INFOPLIST_KEY_UIApplicationSceneManifest_Generation = YES;
				INFOPLIST_KEY_UIApplicationSupportsIndirectInputEvents = YES;
				INFOPLIST_KEY_UILaunchScreen_Generation = YES;
				INFOPLIST_KEY_UISupportedInterfaceOrientations_iPad = "UIInterfaceOrientationPortrait UIInterfaceOrientationPortraitUpsideDown UIInterfaceOrientationLandscapeLeft UIInterfaceOrientationLandscapeRight";
				INFOPLIST_KEY_UISupportedInterfaceOrientations_iPhone = "UIInterfaceOrientationPortrait UIInterfaceOrientationLandscapeLeft UIInterfaceOrientationLandscapeRight";
				LD_RUNPATH_SEARCH_PATHS = (
					"$(inherited)",
					"@executable_path/Frameworks",
				);
				MARKETING_VERSION = 1.0;
				PRODUCT_BUNDLE_IDENTIFIER = "com.AlexanderSobolev.SwiftUI-AdaptiveDesign-MVVM";
				PRODUCT_NAME = "$(TARGET_NAME)";
				SWIFT_EMIT_LOC_STRINGS = YES;
				SWIFT_VERSION = 5.0;
				TARGETED_DEVICE_FAMILY = "1,2";
			};
			name = Debug;
		};
		B4DDEBDA27D6AB3B00C84671 /* Release */ = {
			isa = XCBuildConfiguration;
			buildSettings = {
				ASSETCATALOG_COMPILER_APPICON_NAME = AppIcon;
				ASSETCATALOG_COMPILER_GLOBAL_ACCENT_COLOR_NAME = AccentColor;
				CODE_SIGN_STYLE = Automatic;
				CURRENT_PROJECT_VERSION = 1;
				DEVELOPMENT_ASSET_PATHS = "\"SwiftUI-AdaptiveDesign-MVVM/Preview Content\"";
				DEVELOPMENT_TEAM = XRTUKAGRTL;
				ENABLE_PREVIEWS = YES;
				GENERATE_INFOPLIST_FILE = YES;
				INFOPLIST_KEY_UIApplicationSceneManifest_Generation = YES;
				INFOPLIST_KEY_UIApplicationSupportsIndirectInputEvents = YES;
				INFOPLIST_KEY_UILaunchScreen_Generation = YES;
				INFOPLIST_KEY_UISupportedInterfaceOrientations_iPad = "UIInterfaceOrientationPortrait UIInterfaceOrientationPortraitUpsideDown UIInterfaceOrientationLandscapeLeft UIInterfaceOrientationLandscapeRight";
				INFOPLIST_KEY_UISupportedInterfaceOrientations_iPhone = "UIInterfaceOrientationPortrait UIInterfaceOrientationLandscapeLeft UIInterfaceOrientationLandscapeRight";
				LD_RUNPATH_SEARCH_PATHS = (
					"$(inherited)",
					"@executable_path/Frameworks",
				);
				MARKETING_VERSION = 1.0;
				PRODUCT_BUNDLE_IDENTIFIER = "com.AlexanderSobolev.SwiftUI-AdaptiveDesign-MVVM";
				PRODUCT_NAME = "$(TARGET_NAME)";
				SWIFT_EMIT_LOC_STRINGS = YES;
				SWIFT_VERSION = 5.0;
				TARGETED_DEVICE_FAMILY = "1,2";
			};
			name = Release;
		};
/* End XCBuildConfiguration section */

/* Begin XCConfigurationList section */
		B4DDEBC527D6AB3A00C84671 /* Build configuration list for PBXProject "SwiftUI-AdaptiveDesign-MVVM" */ = {
			isa = XCConfigurationList;
			buildConfigurations = (
				B4DDEBD627D6AB3B00C84671 /* Debug */,
				B4DDEBD727D6AB3B00C84671 /* Release */,
			);
			defaultConfigurationIsVisible = 0;
			defaultConfigurationName = Release;
		};
		B4DDEBD827D6AB3B00C84671 /* Build configuration list for PBXNativeTarget "SwiftUI-AdaptiveDesign-MVVM" */ = {
			isa = XCConfigurationList;
			buildConfigurations = (
				B4DDEBD927D6AB3B00C84671 /* Debug */,
				B4DDEBDA27D6AB3B00C84671 /* Release */,
			);
			defaultConfigurationIsVisible = 0;
			defaultConfigurationName = Release;
		};
/* End XCConfigurationList section */
	};
	rootObject = B4DDEBC227D6AB3A00C84671 /* Project object */;
}
